PODS:
  - arclight-event-tracker (1.20.0)
  - Expecta (1.0.6)
  - Specta (0.2.1)

DEPENDENCIES:
  - arclight-event-tracker (from `../`)
  - Expecta
  - Specta (~> 0.2.1)

SPEC REPOS:
  trunk:
    - Expecta
    - Specta

EXTERNAL SOURCES:
  arclight-event-tracker:
    :path: "../"

SPEC CHECKSUMS:
  arclight-event-tracker: 8977a0c2752ce22d23346209446b0bde9cf1c4dc
  Expecta: 3b6bd90a64b9a1dcb0b70aa0e10a7f8f631667d5
  Specta: 15a276a6343867b426d5ed135d5aa4d04123a573

PODFILE CHECKSUM: b2bddeab5da08cb59351a06817e974f2f31be084

COCOAPODS: 1.16.2
